
Microsoft Visual Studio Solution File, Format Version 12.00
# Visual Studio Version 16
VisualStudioVersion = 16.0.29920.165
MinimumVisualStudioVersion = 10.0.40219.1
Project("{FAE04EC0-301F-11D3-BF4B-00C04F79EFBC}") = "StudiVari", "StudiVari.csproj", "{47DC1937-FC64-4F7A-A618-B19F25CBA35E}"
EndProject
Global
	GlobalSection(SolutionConfigurationPlatforms) = preSolution
		Debug|Any CPU = Debug|Any CPU
		Release|Any CPU = Release|Any CPU
	EndGlobalSection
	GlobalSection(ProjectConfigurationPlatforms) = postSolution
		{47DC1937-FC64-4F7A-A618-B19F25CBA35E}.Debug|Any CPU.ActiveCfg = Debug|Any CPU
		{47DC1937-FC64-4F7A-A618-B19F25CBA35E}.Debug|Any CPU.Build.0 = Debug|Any CPU
		{47DC1937-FC64-4F7A-A618-B19F25CBA35E}.Release|Any CPU.ActiveCfg = Release|Any CPU
		{47DC1937-FC64-4F7A-A618-B19F25CBA35E}.Release|Any CPU.Build.0 = Release|Any CPU
	EndGlobalSection
	GlobalSection(SolutionProperties) = preSolution
		HideSolutionNode = FALSE
	EndGlobalSection
	GlobalSection(ExtensibilityGlobals) = postSolution
		SolutionGuid = {AC3DD548-2C51-4BE3-B8A6-0426D7627203}
	EndGlobalSection
EndGlobal
